
Microsoft Visual Studio Solution File, Format Version 12.00
# Visual Studio Version 17
VisualStudioVersion = 17.9.34728.123
MinimumVisualStudioVersion = 10.0.40219.1
Project("{FAE04EC0-301F-11D3-BF4B-00C04F79EFBC}") = "ArrayHW", "ArrayHW.csproj", "{7027B3DD-E3EB-4DB7-8B13-797A9C30200C}"
EndProject
Global
	GlobalSection(SolutionConfigurationPlatforms) = preSolution
		Debug|Any CPU = Debug|Any CPU
		Release|Any CPU = Release|Any CPU
	EndGlobalSection
	GlobalSection(ProjectConfigurationPlatforms) = postSolution
		{7027B3DD-E3EB-4DB7-8B13-797A9C30200C}.Debug|Any CPU.ActiveCfg = Debug|Any CPU
		{7027B3DD-E3EB-4DB7-8B13-797A9C30200C}.Debug|Any CPU.Build.0 = Debug|Any CPU
		{7027B3DD-E3EB-4DB7-8B13-797A9C30200C}.Release|Any CPU.ActiveCfg = Release|Any CPU
		{7027B3DD-E3EB-4DB7-8B13-797A9C30200C}.Release|Any CPU.Build.0 = Release|Any CPU
	EndGlobalSection
	GlobalSection(SolutionProperties) = preSolution
		HideSolutionNode = FALSE
	EndGlobalSection
	GlobalSection(ExtensibilityGlobals) = postSolution
		SolutionGuid = {0C2F2AD6-3C4B-40D6-8FC5-488564BC4572}
	EndGlobalSection
EndGlobal
