
Microsoft Visual Studio Solution File, Format Version 12.00
# Visual Studio Version 17
VisualStudioVersion = 17.9.34728.123
MinimumVisualStudioVersion = 10.0.40219.1
Project("{FAE04EC0-301F-11D3-BF4B-00C04F79EFBC}") = "ConsoleApp1", "ConsoleApp1.csproj", "{B4634BFE-814E-45B1-A7CC-1306537D0945}"
EndProject
Global
	GlobalSection(SolutionConfigurationPlatforms) = preSolution
		Debug|Any CPU = Debug|Any CPU
		Release|Any CPU = Release|Any CPU
	EndGlobalSection
	GlobalSection(ProjectConfigurationPlatforms) = postSolution
		{B4634BFE-814E-45B1-A7CC-1306537D0945}.Debug|Any CPU.ActiveCfg = Debug|Any CPU
		{B4634BFE-814E-45B1-A7CC-1306537D0945}.Debug|Any CPU.Build.0 = Debug|Any CPU
		{B4634BFE-814E-45B1-A7CC-1306537D0945}.Release|Any CPU.ActiveCfg = Release|Any CPU
		{B4634BFE-814E-45B1-A7CC-1306537D0945}.Release|Any CPU.Build.0 = Release|Any CPU
	EndGlobalSection
	GlobalSection(SolutionProperties) = preSolution
		HideSolutionNode = FALSE
	EndGlobalSection
	GlobalSection(ExtensibilityGlobals) = postSolution
		SolutionGuid = {B6477BC6-A327-4942-A56A-B0764ECFE45F}
	EndGlobalSection
EndGlobal
